
Microsoft Visual Studio Solution File, Format Version 12.00
# Visual Studio Version 16
VisualStudioVersion = 16.0.30608.117
MinimumVisualStudioVersion = 10.0.40219.1
Project("{9A19103F-16F7-4668-BE54-9A1E7A4F7556}") = "BlazorSEO", "BlazorSEO.csproj", "{F20FB505-32CE-440F-B347-525B4C1D5765}"
EndProject
Global
	GlobalSection(SolutionConfigurationPlatforms) = preSolution
		Debug|Any CPU = Debug|Any CPU
		Release|Any CPU = Release|Any CPU
	EndGlobalSection
	GlobalSection(ProjectConfigurationPlatforms) = postSolution
		{F20FB505-32CE-440F-B347-525B4C1D5765}.Debug|Any CPU.ActiveCfg = Debug|Any CPU
		{F20FB505-32CE-440F-B347-525B4C1D5765}.Debug|Any CPU.Build.0 = Debug|Any CPU
		{F20FB505-32CE-440F-B347-525B4C1D5765}.Release|Any CPU.ActiveCfg = Release|Any CPU
		{F20FB505-32CE-440F-B347-525B4C1D5765}.Release|Any CPU.Build.0 = Release|Any CPU
	EndGlobalSection
	GlobalSection(SolutionProperties) = preSolution
		HideSolutionNode = FALSE
	EndGlobalSection
	GlobalSection(ExtensibilityGlobals) = postSolution
		SolutionGuid = {C794B920-95D7-4F96-82B3-0A0AE01CE8DB}
	EndGlobalSection
EndGlobal
